
Microsoft Visual Studio Solution File, Format Version 12.00
# Visual Studio Version 17
VisualStudioVersion = 17.5.33627.172
MinimumVisualStudioVersion = 10.0.40219.1
Project("{FAE04EC0-301F-11D3-BF4B-00C04F79EFBC}") = "AppForPractica", "AppForPractica\AppForPractica.csproj", "{D5B362DC-FB05-4C76-9671-849C85F56772}"
EndProject
Global
	GlobalSection(SolutionConfigurationPlatforms) = preSolution
		Debug|Any CPU = Debug|Any CPU
		Release|Any CPU = Release|Any CPU
	EndGlobalSection
	GlobalSection(ProjectConfigurationPlatforms) = postSolution
		{D5B362DC-FB05-4C76-9671-849C85F56772}.Debug|Any CPU.ActiveCfg = Debug|Any CPU
		{D5B362DC-FB05-4C76-9671-849C85F56772}.Debug|Any CPU.Build.0 = Debug|Any CPU
		{D5B362DC-FB05-4C76-9671-849C85F56772}.Release|Any CPU.ActiveCfg = Release|Any CPU
		{D5B362DC-FB05-4C76-9671-849C85F56772}.Release|Any CPU.Build.0 = Release|Any CPU
	EndGlobalSection
	GlobalSection(SolutionProperties) = preSolution
		HideSolutionNode = FALSE
	EndGlobalSection
	GlobalSection(ExtensibilityGlobals) = postSolution
		SolutionGuid = {D30753FE-0747-48F3-9466-29A6A5E58F96}
	EndGlobalSection
EndGlobal
